
Microsoft Visual Studio Solution File, Format Version 12.00
# Visual Studio Version 17
VisualStudioVersion = 17.11.35312.102
MinimumVisualStudioVersion = 10.0.40219.1
Project("{2150E333-8FDC-42A3-9474-1A3956D46DE8}") = "Solution Items", "Solution Items", "{1D0846CF-9C83-44D2-B175-3A2B3FC9D6A0}"
	ProjectSection(SolutionItems) = preProject
		.editorconfig = .editorconfig
		README.md = README.md
	EndProjectSection
EndProject
Project("{FAE04EC0-301F-11D3-BF4B-00C04F79EFBC}") = "NailWarehouse", "NailWarehouse\NailWarehouse.csproj", "{705DAA0D-217D-43A6-A72C-57BFD277C8C2}"
EndProject
Project("{9A19103F-16F7-4668-BE54-9A1E7A4F7556}") = "NailWarehouse.Manager", "NailWarehouse.Manager\NailWarehouse.Manager.csproj", "{1D4B7EA8-6E42-4CFB-BAA6-4A244DCC1C10}"
EndProject
Project("{9A19103F-16F7-4668-BE54-9A1E7A4F7556}") = "NailWarehouse.Memory", "NailWarehouse.Memory\NailWarehouse.Memory.csproj", "{487F8BE5-4DF0-468C-8F97-306BB48C0FD9}"
EndProject
Project("{9A19103F-16F7-4668-BE54-9A1E7A4F7556}") = "NailWarehouse.Models", "NailWarehouse.Models\NailWarehouse.Models.csproj", "{B46521F0-7BE8-48DE-AFD0-E961E08FAB3F}"
EndProject
Global
	GlobalSection(SolutionConfigurationPlatforms) = preSolution
		Debug|Any CPU = Debug|Any CPU
		Release|Any CPU = Release|Any CPU
	EndGlobalSection
	GlobalSection(ProjectConfigurationPlatforms) = postSolution
		{705DAA0D-217D-43A6-A72C-57BFD277C8C2}.Debug|Any CPU.ActiveCfg = Debug|Any CPU
		{705DAA0D-217D-43A6-A72C-57BFD277C8C2}.Debug|Any CPU.Build.0 = Debug|Any CPU
		{705DAA0D-217D-43A6-A72C-57BFD277C8C2}.Release|Any CPU.ActiveCfg = Release|Any CPU
		{705DAA0D-217D-43A6-A72C-57BFD277C8C2}.Release|Any CPU.Build.0 = Release|Any CPU
		{1D4B7EA8-6E42-4CFB-BAA6-4A244DCC1C10}.Debug|Any CPU.ActiveCfg = Debug|Any CPU
		{1D4B7EA8-6E42-4CFB-BAA6-4A244DCC1C10}.Debug|Any CPU.Build.0 = Debug|Any CPU
		{1D4B7EA8-6E42-4CFB-BAA6-4A244DCC1C10}.Release|Any CPU.ActiveCfg = Release|Any CPU
		{1D4B7EA8-6E42-4CFB-BAA6-4A244DCC1C10}.Release|Any CPU.Build.0 = Release|Any CPU
		{487F8BE5-4DF0-468C-8F97-306BB48C0FD9}.Debug|Any CPU.ActiveCfg = Debug|Any CPU
		{487F8BE5-4DF0-468C-8F97-306BB48C0FD9}.Debug|Any CPU.Build.0 = Debug|Any CPU
		{487F8BE5-4DF0-468C-8F97-306BB48C0FD9}.Release|Any CPU.ActiveCfg = Release|Any CPU
		{487F8BE5-4DF0-468C-8F97-306BB48C0FD9}.Release|Any CPU.Build.0 = Release|Any CPU
		{B46521F0-7BE8-48DE-AFD0-E961E08FAB3F}.Debug|Any CPU.ActiveCfg = Debug|Any CPU
		{B46521F0-7BE8-48DE-AFD0-E961E08FAB3F}.Debug|Any CPU.Build.0 = Debug|Any CPU
		{B46521F0-7BE8-48DE-AFD0-E961E08FAB3F}.Release|Any CPU.ActiveCfg = Release|Any CPU
		{B46521F0-7BE8-48DE-AFD0-E961E08FAB3F}.Release|Any CPU.Build.0 = Release|Any CPU
	EndGlobalSection
	GlobalSection(SolutionProperties) = preSolution
		HideSolutionNode = FALSE
	EndGlobalSection
	GlobalSection(ExtensibilityGlobals) = postSolution
		SolutionGuid = {1F1F7BE4-2442-4472-AC49-5F1987237679}
	EndGlobalSection
EndGlobal
